
Microsoft Visual Studio Solution File, Format Version 12.00
# Visual Studio Version 16
VisualStudioVersion = 16.0.30611.23
MinimumVisualStudioVersion = 10.0.40219.1
Project("{FAE04EC0-301F-11D3-BF4B-00C04F79EFBC}") = "AT13_Exercice2", "AT13_Exercice2\AT13_Exercice2.csproj", "{7F8F826A-0BBB-4CBE-A9FD-D2574B5DAB30}"
EndProject
Global
	GlobalSection(SolutionConfigurationPlatforms) = preSolution
		Debug|Any CPU = Debug|Any CPU
		Release|Any CPU = Release|Any CPU
	EndGlobalSection
	GlobalSection(ProjectConfigurationPlatforms) = postSolution
		{7F8F826A-0BBB-4CBE-A9FD-D2574B5DAB30}.Debug|Any CPU.ActiveCfg = Debug|Any CPU
		{7F8F826A-0BBB-4CBE-A9FD-D2574B5DAB30}.Debug|Any CPU.Build.0 = Debug|Any CPU
		{7F8F826A-0BBB-4CBE-A9FD-D2574B5DAB30}.Release|Any CPU.ActiveCfg = Release|Any CPU
		{7F8F826A-0BBB-4CBE-A9FD-D2574B5DAB30}.Release|Any CPU.Build.0 = Release|Any CPU
	EndGlobalSection
	GlobalSection(SolutionProperties) = preSolution
		HideSolutionNode = FALSE
	EndGlobalSection
	GlobalSection(ExtensibilityGlobals) = postSolution
		SolutionGuid = {4D30FEEE-3C7D-4F63-AA57-5328C57774B6}
	EndGlobalSection
EndGlobal
